
Microsoft Visual Studio Solution File, Format Version 12.00
# Visual Studio Version 17
VisualStudioVersion = 17.11.35327.3
MinimumVisualStudioVersion = 10.0.40219.1
Project("{FAE04EC0-301F-11D3-BF4B-00C04F79EFBC}") = "ES 35", "ES 35\ES 35.csproj", "{BAD85695-CA91-4EE0-B85A-FA599F14EAD5}"
EndProject
Global
	GlobalSection(SolutionConfigurationPlatforms) = preSolution
		Debug|Any CPU = Debug|Any CPU
		Release|Any CPU = Release|Any CPU
	EndGlobalSection
	GlobalSection(ProjectConfigurationPlatforms) = postSolution
		{BAD85695-CA91-4EE0-B85A-FA599F14EAD5}.Debug|Any CPU.ActiveCfg = Debug|Any CPU
		{BAD85695-CA91-4EE0-B85A-FA599F14EAD5}.Debug|Any CPU.Build.0 = Debug|Any CPU
		{BAD85695-CA91-4EE0-B85A-FA599F14EAD5}.Release|Any CPU.ActiveCfg = Release|Any CPU
		{BAD85695-CA91-4EE0-B85A-FA599F14EAD5}.Release|Any CPU.Build.0 = Release|Any CPU
	EndGlobalSection
	GlobalSection(SolutionProperties) = preSolution
		HideSolutionNode = FALSE
	EndGlobalSection
	GlobalSection(ExtensibilityGlobals) = postSolution
		SolutionGuid = {4B364181-FD67-4059-AA92-02F8933F6446}
	EndGlobalSection
EndGlobal
